// !$*UTF8*$!
{
	archiveVersion = 1;
	classes = {
	};
	objectVersion = 55;
	objects = {

/* Begin PBXBuildFile section */
		9ABFDA102756BD09007BDA03 /* AppDelegate.swift in Sources */ = {isa = PBXBuildFile; fileRef = 9ABFDA0F2756BD09007BDA03 /* AppDelegate.swift */; };
		9ABFDA122756BD09007BDA03 /* SceneDelegate.swift in Sources */ = {isa = PBXBuildFile; fileRef = 9ABFDA112756BD09007BDA03 /* SceneDelegate.swift */; };
		9ABFDA142756BD09007BDA03 /* ViewController.swift in Sources */ = {isa = PBXBuildFile; fileRef = 9ABFDA132756BD09007BDA03 /* ViewController.swift */; };
		9ABFDA172756BD09007BDA03 /* Main.storyboard in Resources */ = {isa = PBXBuildFile; fileRef = 9ABFDA152756BD09007BDA03 /* Main.storyboard */; };
		9ABFDA192756BD0C007BDA03 /* Assets.xcassets in Resources */ = {isa = PBXBuildFile; fileRef = 9ABFDA182756BD0C007BDA03 /* Assets.xcassets */; };
		9ABFDA1C2756BD0C007BDA03 /* LaunchScreen.storyboard in Resources */ = {isa = PBXBuildFile; fileRef = 9ABFDA1A2756BD0C007BDA03 /* LaunchScreen.storyboard */; };
		9ABFDA282756BEFF007BDA03 /* UserModel.swift in Sources */ = {isa = PBXBuildFile; fileRef = 9ABFDA272756BEFF007BDA03 /* UserModel.swift */; };
		9ABFDA2A2756BF3B007BDA03 /* UserViewModel.swift in Sources */ = {isa = PBXBuildFile; fileRef = 9ABFDA292756BF3B007BDA03 /* UserViewModel.swift */; };
		9ABFDA312756C90C007BDA03 /* userCell.swift in Sources */ = {isa = PBXBuildFile; fileRef = 9ABFDA2F2756C90C007BDA03 /* userCell.swift */; };
		9ABFDA322756C90C007BDA03 /* userCell.xib in Resources */ = {isa = PBXBuildFile; fileRef = 9ABFDA302756C90C007BDA03 /* userCell.xib */; };
		9ABFDA352756CF54007BDA03 /* Alamofire in Frameworks */ = {isa = PBXBuildFile; productRef = 9ABFDA342756CF54007BDA03 /* Alamofire */; };
/* End PBXBuildFile section */

/* Begin PBXFileReference section */
		9ABFDA0C2756BD09007BDA03 /* practiceAlamofire.app */ = {isa = PBXFileReference; explicitFileType = wrapper.application; includeInIndex = 0; path = practiceAlamofire.app; sourceTree = BUILT_PRODUCTS_DIR; };
		9ABFDA0F2756BD09007BDA03 /* AppDelegate.swift */ = {isa = PBXFileReference; lastKnownFileType = sourcecode.swift; path = AppDelegate.swift; sourceTree = "<group>"; };
		9ABFDA112756BD09007BDA03 /* SceneDelegate.swift */ = {isa = PBXFileReference; lastKnownFileType = sourcecode.swift; path = SceneDelegate.swift; sourceTree = "<group>"; };
		9ABFDA132756BD09007BDA03 /* ViewController.swift */ = {isa = PBXFileReference; lastKnownFileType = sourcecode.swift; path = ViewController.swift; sourceTree = "<group>"; };
		9ABFDA162756BD09007BDA03 /* Base */ = {isa = PBXFileReference; lastKnownFileType = file.storyboard; name = Base; path = Base.lproj/Main.storyboard; sourceTree = "<group>"; };
		9ABFDA182756BD0C007BDA03 /* Assets.xcassets */ = {isa = PBXFileReference; lastKnownFileType = folder.assetcatalog; path = Assets.xcassets; sourceTree = "<group>"; };
		9ABFDA1B2756BD0C007BDA03 /* Base */ = {isa = PBXFileReference; lastKnownFileType = file.storyboard; name = Base; path = Base.lproj/LaunchScreen.storyboard; sourceTree = "<group>"; };
		9ABFDA1D2756BD0C007BDA03 /* Info.plist */ = {isa = PBXFileReference; lastKnownFileType = text.plist.xml; path = Info.plist; sourceTree = "<group>"; };
		9ABFDA272756BEFF007BDA03 /* UserModel.swift */ = {isa = PBXFileReference; lastKnownFileType = sourcecode.swift; path = UserModel.swift; sourceTree = "<group>"; };
		9ABFDA292756BF3B007BDA03 /* UserViewModel.swift */ = {isa = PBXFileReference; lastKnownFileType = sourcecode.swift; path = UserViewModel.swift; sourceTree = "<group>"; };
		9ABFDA2F2756C90C007BDA03 /* userCell.swift */ = {isa = PBXFileReference; lastKnownFileType = sourcecode.swift; path = userCell.swift; sourceTree = "<group>"; };
		9ABFDA302756C90C007BDA03 /* userCell.xib */ = {isa = PBXFileReference; lastKnownFileType = file.xib; path = userCell.xib; sourceTree = "<group>"; };
/* End PBXFileReference section */

/* Begin PBXFrameworksBuildPhase section */
		9ABFDA092756BD09007BDA03 /* Frameworks */ = {
			isa = PBXFrameworksBuildPhase;
			buildActionMask = 2147483647;
			files = (
				9ABFDA352756CF54007BDA03 /* Alamofire in Frameworks */,
			);
			runOnlyForDeploymentPostprocessing = 0;
		};
/* End PBXFrameworksBuildPhase section */

/* Begin PBXGroup section */
		9ABFDA032756BD09007BDA03 = {
			isa = PBXGroup;
			children = (
				9ABFDA0E2756BD09007BDA03 /* practiceAlamofire */,
				9ABFDA0D2756BD09007BDA03 /* Products */,
			);
			sourceTree = "<group>";
		};
		9ABFDA0D2756BD09007BDA03 /* Products */ = {
			isa = PBXGroup;
			children = (
				9ABFDA0C2756BD09007BDA03 /* practiceAlamofire.app */,
			);
			name = Products;
			sourceTree = "<group>";
		};
		9ABFDA0E2756BD09007BDA03 /* practiceAlamofire */ = {
			isa = PBXGroup;
			children = (
				9ABFDA232756BD81007BDA03 /* Model */,
				9ABFDA242756BD8C007BDA03 /* ViewModel */,
				9ABFDA252756BD96007BDA03 /* View */,
				9ABFDA262756BD9E007BDA03 /* Controller */,
				9ABFDA0F2756BD09007BDA03 /* AppDelegate.swift */,
				9ABFDA112756BD09007BDA03 /* SceneDelegate.swift */,
				9ABFDA152756BD09007BDA03 /* Main.storyboard */,
				9ABFDA182756BD0C007BDA03 /* Assets.xcassets */,
				9ABFDA1A2756BD0C007BDA03 /* LaunchScreen.storyboard */,
				9ABFDA1D2756BD0C007BDA03 /* Info.plist */,
			);
			path = practiceAlamofire;
			sourceTree = "<group>";
		};
		9ABFDA232756BD81007BDA03 /* Model */ = {
			isa = PBXGroup;
			children = (
				9ABFDA272756BEFF007BDA03 /* UserModel.swift */,
			);
			path = Model;
			sourceTree = "<group>";
		};
		9ABFDA242756BD8C007BDA03 /* ViewModel */ = {
			isa = PBXGroup;
			children = (
				9ABFDA292756BF3B007BDA03 /* UserViewModel.swift */,
			);
			path = ViewModel;
			sourceTree = "<group>";
		};
		9ABFDA252756BD96007BDA03 /* View */ = {
			isa = PBXGroup;
			children = (
				9ABFDA2F2756C90C007BDA03 /* userCell.swift */,
				9ABFDA302756C90C007BDA03 /* userCell.xib */,
			);
			path = View;
			sourceTree = "<group>";
		};
		9ABFDA262756BD9E007BDA03 /* Controller */ = {
			isa = PBXGroup;
			children = (
				9ABFDA132756BD09007BDA03 /* ViewController.swift */,
			);
			path = Controller;
			sourceTree = "<group>";
		};
/* End PBXGroup section */

/* Begin PBXNativeTarget section */
		9ABFDA0B2756BD09007BDA03 /* practiceAlamofire */ = {
			isa = PBXNativeTarget;
			buildConfigurationList = 9ABFDA202756BD0C007BDA03 /* Build configuration list for PBXNativeTarget "practiceAlamofire" */;
			buildPhases = (
				9ABFDA082756BD09007BDA03 /* Sources */,
				9ABFDA092756BD09007BDA03 /* Frameworks */,
				9ABFDA0A2756BD09007BDA03 /* Resources */,
			);
			buildRules = (
			);
			dependencies = (
			);
			name = practiceAlamofire;
			packageProductDependencies = (
				9ABFDA342756CF54007BDA03 /* Alamofire */,
			);
			productName = practiceAlamofire;
			productReference = 9ABFDA0C2756BD09007BDA03 /* practiceAlamofire.app */;
			productType = "com.apple.product-type.application";
		};
/* End PBXNativeTarget section */

/* Begin PBXProject section */
		9ABFDA042756BD09007BDA03 /* Project object */ = {
			isa = PBXProject;
			attributes = {
				BuildIndependentTargetsInParallel = 1;
				LastSwiftUpdateCheck = 1310;
				LastUpgradeCheck = 1310;
				TargetAttributes = {
					9ABFDA0B2756BD09007BDA03 = {
						CreatedOnToolsVersion = 13.1;
					};
				};
			};
			buildConfigurationList = 9ABFDA072756BD09007BDA03 /* Build configuration list for PBXProject "practiceAlamofire" */;
			compatibilityVersion = "Xcode 13.0";
			developmentRegion = en;
			hasScannedForEncodings = 0;
			knownRegions = (
				en,
				Base,
			);
			mainGroup = 9ABFDA032756BD09007BDA03;
			packageReferences = (
				9ABFDA332756CF54007BDA03 /* XCRemoteSwiftPackageReference "Alamofire" */,
			);
			productRefGroup = 9ABFDA0D2756BD09007BDA03 /* Products */;
			projectDirPath = "";
			projectRoot = "";
			targets = (
				9ABFDA0B2756BD09007BDA03 /* practiceAlamofire */,
			);
		};
/* End PBXProject section */

/* Begin PBXResourcesBuildPhase section */
		9ABFDA0A2756BD09007BDA03 /* Resources */ = {
			isa = PBXResourcesBuildPhase;
			buildActionMask = 2147483647;
			files = (
				9ABFDA322756C90C007BDA03 /* userCell.xib in Resources */,
				9ABFDA1C2756BD0C007BDA03 /* LaunchScreen.storyboard in Resources */,
				9ABFDA192756BD0C007BDA03 /* Assets.xcassets in Resources */,
				9ABFDA172756BD09007BDA03 /* Main.storyboard in Resources */,
			);
			runOnlyForDeploymentPostprocessing = 0;
		};
/* End PBXResourcesBuildPhase section */

/* Begin PBXSourcesBuildPhase section */
		9ABFDA082756BD09007BDA03 /* Sources */ = {
			isa = PBXSourcesBuildPhase;
			buildActionMask = 2147483647;
			files = (
				9ABFDA312756C90C007BDA03 /* userCell.swift in Sources */,
				9ABFDA142756BD09007BDA03 /* ViewController.swift in Sources */,
				9ABFDA102756BD09007BDA03 /* AppDelegate.swift in Sources */,
				9ABFDA282756BEFF007BDA03 /* UserModel.swift in Sources */,
				9ABFDA2A2756BF3B007BDA03 /* UserViewModel.swift in Sources */,
				9ABFDA122756BD09007BDA03 /* SceneDelegate.swift in Sources */,
			);
			runOnlyForDeploymentPostprocessing = 0;
		};
/* End PBXSourcesBuildPhase section */

/* Begin PBXVariantGroup section */
		9ABFDA152756BD09007BDA03 /* Main.storyboard */ = {
			isa = PBXVariantGroup;
			children = (
				9ABFDA162756BD09007BDA03 /* Base */,
			);
			name = Main.storyboard;
			sourceTree = "<group>";
		};
		9ABFDA1A2756BD0C007BDA03 /* LaunchScreen.storyboard */ = {
			isa = PBXVariantGroup;
			children = (
				9ABFDA1B2756BD0C007BDA03 /* Base */,
			);
			name = LaunchScreen.storyboard;
			sourceTree = "<group>";
		};
/* End PBXVariantGroup section */

/* Begin XCBuildConfiguration section */
		9ABFDA1E2756BD0C007BDA03 /* Debug */ = {
			isa = XCBuildConfiguration;
			buildSettings = {
				ALWAYS_SEARCH_USER_PATHS = NO;
				CLANG_ANALYZER_NONNULL = YES;
				CLANG_ANALYZER_NUMBER_OBJECT_CONVERSION = YES_AGGRESSIVE;
				CLANG_CXX_LANGUAGE_STANDARD = "gnu++17";
				CLANG_CXX_LIBRARY = "libc++";
				CLANG_ENABLE_MODULES = YES;
				CLANG_ENABLE_OBJC_ARC = YES;
				CLANG_ENABLE_OBJC_WEAK = YES;
				CLANG_WARN_BLOCK_CAPTURE_AUTORELEASING = YES;
				CLANG_WARN_BOOL_CONVERSION = YES;
				CLANG_WARN_COMMA = YES;
				CLANG_WARN_CONSTANT_CONVERSION = YES;
				CLANG_WARN_DEPRECATED_OBJC_IMPLEMENTATIONS = YES;
				CLANG_WARN_DIRECT_OBJC_ISA_USAGE = YES_ERROR;
				CLANG_WARN_DOCUMENTATION_COMMENTS = YES;
				CLANG_WARN_EMPTY_BODY = YES;
				CLANG_WARN_ENUM_CONVERSION = YES;
				CLANG_WARN_INFINITE_RECURSION = YES;
				CLANG_WARN_INT_CONVERSION = YES;
				CLANG_WARN_NON_LITERAL_NULL_CONVERSION = YES;
				CLANG_WARN_OBJC_IMPLICIT_RETAIN_SELF = YES;
				CLANG_WARN_OBJC_LITERAL_CONVERSION = YES;
				CLANG_WARN_OBJC_ROOT_CLASS = YES_ERROR;
				CLANG_WARN_QUOTED_INCLUDE_IN_FRAMEWORK_HEADER = YES;
				CLANG_WARN_RANGE_LOOP_ANALYSIS = YES;
				CLANG_WARN_STRICT_PROTOTYPES = YES;
				CLANG_WARN_SUSPICIOUS_MOVE = YES;
				CLANG_WARN_UNGUARDED_AVAILABILITY = YES_AGGRESSIVE;
				CLANG_WARN_UNREACHABLE_CODE = YES;
				CLANG_WARN__DUPLICATE_METHOD_MATCH = YES;
				COPY_PHASE_STRIP = NO;
				DEBUG_INFORMATION_FORMAT = dwarf;
				ENABLE_STRICT_OBJC_MSGSEND = YES;
				ENABLE_TESTABILITY = YES;
				GCC_C_LANGUAGE_STANDARD = gnu11;
				GCC_DYNAMIC_NO_PIC = NO;
				GCC_NO_COMMON_BLOCKS = YES;
				GCC_OPTIMIZATION_LEVEL = 0;
				GCC_PREPROCESSOR_DEFINITIONS = (
					"DEBUG=1",
					"$(inherited)",
				);
				GCC_WARN_64_TO_32_BIT_CONVERSION = YES;
				GCC_WARN_ABOUT_RETURN_TYPE = YES_ERROR;
				GCC_WARN_UNDECLARED_SELECTOR = YES;
				GCC_WARN_UNINITIALIZED_AUTOS = YES_AGGRESSIVE;
				GCC_WARN_UNUSED_FUNCTION = YES;
				GCC_WARN_UNUSED_VARIABLE = YES;
				IPHONEOS_DEPLOYMENT_TARGET = 15.0;
				MTL_ENABLE_DEBUG_INFO = INCLUDE_SOURCE;
				MTL_FAST_MATH = YES;
				ONLY_ACTIVE_ARCH = YES;
				SDKROOT = iphoneos;
				SWIFT_ACTIVE_COMPILATION_CONDITIONS = DEBUG;
				SWIFT_OPTIMIZATION_LEVEL = "-Onone";
			};
			name = Debug;
		};
		9ABFDA1F2756BD0C007BDA03 /* Release */ = {
			isa = XCBuildConfiguration;
			buildSettings = {
				ALWAYS_SEARCH_USER_PATHS = NO;
				CLANG_ANALYZER_NONNULL = YES;
				CLANG_ANALYZER_NUMBER_OBJECT_CONVERSION = YES_AGGRESSIVE;
				CLANG_CXX_LANGUAGE_STANDARD = "gnu++17";
				CLANG_CXX_LIBRARY = "libc++";
				CLANG_ENABLE_MODULES = YES;
				CLANG_ENABLE_OBJC_ARC = YES;
				CLANG_ENABLE_OBJC_WEAK = YES;
				CLANG_WARN_BLOCK_CAPTURE_AUTORELEASING = YES;
				CLANG_WARN_BOOL_CONVERSION = YES;
				CLANG_WARN_COMMA = YES;
				CLANG_WARN_CONSTANT_CONVERSION = YES;
				CLANG_WARN_DEPRECATED_OBJC_IMPLEMENTATIONS = YES;
				CLANG_WARN_DIRECT_OBJC_ISA_USAGE = YES_ERROR;
				CLANG_WARN_DOCUMENTATION_COMMENTS = YES;
				CLANG_WARN_EMPTY_BODY = YES;
				CLANG_WARN_ENUM_CONVERSION = YES;
				CLANG_WARN_INFINITE_RECURSION = YES;
				CLANG_WARN_INT_CONVERSION = YES;
				CLANG_WARN_NON_LITERAL_NULL_CONVERSION = YES;
				CLANG_WARN_OBJC_IMPLICIT_RETAIN_SELF = YES;
				CLANG_WARN_OBJC_LITERAL_CONVERSION = YES;
				CLANG_WARN_OBJC_ROOT_CLASS = YES_ERROR;
				CLANG_WARN_QUOTED_INCLUDE_IN_FRAMEWORK_HEADER = YES;
				CLANG_WARN_RANGE_LOOP_ANALYSIS = YES;
				CLANG_WARN_STRICT_PROTOTYPES = YES;
				CLANG_WARN_SUSPICIOUS_MOVE = YES;
				CLANG_WARN_UNGUARDED_AVAILABILITY = YES_AGGRESSIVE;
				CLANG_WARN_UNREACHABLE_CODE = YES;
				CLANG_WARN__DUPLICATE_METHOD_MATCH = YES;
				COPY_PHASE_STRIP = NO;
				DEBUG_INFORMATION_FORMAT = "dwarf-with-dsym";
				ENABLE_NS_ASSERTIONS = NO;
				ENABLE_STRICT_OBJC_MSGSEND = YES;
				GCC_C_LANGUAGE_STANDARD = gnu11;
				GCC_NO_COMMON_BLOCKS = YES;
				GCC_WARN_64_TO_32_BIT_CONVERSION = YES;
				GCC_WARN_ABOUT_RETURN_TYPE = YES_ERROR;
				GCC_WARN_UNDECLARED_SELECTOR = YES;
				GCC_WARN_UNINITIALIZED_AUTOS = YES_AGGRESSIVE;
				GCC_WARN_UNUSED_FUNCTION = YES;
				GCC_WARN_UNUSED_VARIABLE = YES;
				IPHONEOS_DEPLOYMENT_TARGET = 15.0;
				MTL_ENABLE_DEBUG_INFO = NO;
				MTL_FAST_MATH = YES;
				SDKROOT = iphoneos;
				SWIFT_COMPILATION_MODE = wholemodule;
				SWIFT_OPTIMIZATION_LEVEL = "-O";
				VALIDATE_PRODUCT = YES;
			};
			name = Release;
		};
		9ABFDA212756BD0C007BDA03 /* Debug */ = {
			isa = XCBuildConfiguration;
			buildSettings = {
				ASSETCATALOG_COMPILER_APPICON_NAME = AppIcon;
				ASSETCATALOG_COMPILER_GLOBAL_ACCENT_COLOR_NAME = AccentColor;
				CODE_SIGN_STYLE = Automatic;
				CURRENT_PROJECT_VERSION = 1;
				GENERATE_INFOPLIST_FILE = YES;
				INFOPLIST_FILE = practiceAlamofire/Info.plist;
				INFOPLIST_KEY_UIApplicationSupportsIndirectInputEvents = YES;
				INFOPLIST_KEY_UILaunchStoryboardName = LaunchScreen;
				INFOPLIST_KEY_UIMainStoryboardFile = Main;
				INFOPLIST_KEY_UISupportedInterfaceOrientations_iPad = "UIInterfaceOrientationPortrait UIInterfaceOrientationPortraitUpsideDown UIInterfaceOrientationLandscapeLeft UIInterfaceOrientationLandscapeRight";
				INFOPLIST_KEY_UISupportedInterfaceOrientations_iPhone = "UIInterfaceOrientationPortrait UIInterfaceOrientationLandscapeLeft UIInterfaceOrientationLandscapeRight";
				LD_RUNPATH_SEARCH_PATHS = (
					"$(inherited)",
					"@executable_path/Frameworks",
				);
				MARKETING_VERSION = 1.0;
				PRODUCT_BUNDLE_IDENTIFIER = BridgeLabz.Autolayout.practiceAlamofire;
				PRODUCT_NAME = "$(TARGET_NAME)";
				SWIFT_EMIT_LOC_STRINGS = YES;
				SWIFT_VERSION = 5.0;
				TARGETED_DEVICE_FAMILY = "1,2";
			};
			name = Debug;
		};
		9ABFDA222756BD0C007BDA03 /* Release */ = {
			isa = XCBuildConfiguration;
			buildSettings = {
				ASSETCATALOG_COMPILER_APPICON_NAME = AppIcon;
				ASSETCATALOG_COMPILER_GLOBAL_ACCENT_COLOR_NAME = AccentColor;
				CODE_SIGN_STYLE = Automatic;
				CURRENT_PROJECT_VERSION = 1;
				GENERATE_INFOPLIST_FILE = YES;
				INFOPLIST_FILE = practiceAlamofire/Info.plist;
				INFOPLIST_KEY_UIApplicationSupportsIndirectInputEvents = YES;
				INFOPLIST_KEY_UILaunchStoryboardName = LaunchScreen;
				INFOPLIST_KEY_UIMainStoryboardFile = Main;
				INFOPLIST_KEY_UISupportedInterfaceOrientations_iPad = "UIInterfaceOrientationPortrait UIInterfaceOrientationPortraitUpsideDown UIInterfaceOrientationLandscapeLeft UIInterfaceOrientationLandscapeRight";
				INFOPLIST_KEY_UISupportedInterfaceOrientations_iPhone = "UIInterfaceOrientationPortrait UIInterfaceOrientationLandscapeLeft UIInterfaceOrientationLandscapeRight";
				LD_RUNPATH_SEARCH_PATHS = (
					"$(inherited)",
					"@executable_path/Frameworks",
				);
				MARKETING_VERSION = 1.0;
				PRODUCT_BUNDLE_IDENTIFIER = BridgeLabz.Autolayout.practiceAlamofire;
				PRODUCT_NAME = "$(TARGET_NAME)";
				SWIFT_EMIT_LOC_STRINGS = YES;
				SWIFT_VERSION = 5.0;
				TARGETED_DEVICE_FAMILY = "1,2";
			};
			name = Release;
		};
/* End XCBuildConfiguration section */

/* Begin XCConfigurationList section */
		9ABFDA072756BD09007BDA03 /* Build configuration list for PBXProject "practiceAlamofire" */ = {
			isa = XCConfigurationList;
			buildConfigurations = (
				9ABFDA1E2756BD0C007BDA03 /* Debug */,
				9ABFDA1F2756BD0C007BDA03 /* Release */,
			);
			defaultConfigurationIsVisible = 0;
			defaultConfigurationName = Release;
		};
		9ABFDA202756BD0C007BDA03 /* Build configuration list for PBXNativeTarget "practiceAlamofire" */ = {
			isa = XCConfigurationList;
			buildConfigurations = (
				9ABFDA212756BD0C007BDA03 /* Debug */,
				9ABFDA222756BD0C007BDA03 /* Release */,
			);
			defaultConfigurationIsVisible = 0;
			defaultConfigurationName = Release;
		};
/* End XCConfigurationList section */

/* Begin XCRemoteSwiftPackageReference section */
		9ABFDA332756CF54007BDA03 /* XCRemoteSwiftPackageReference "Alamofire" */ = {
			isa = XCRemoteSwiftPackageReference;
			repositoryURL = "https://github.com/Alamofire/Alamofire.git";
			requirement = {
				kind = upToNextMajorVersion;
				minimumVersion = 5.0.0;
			};
		};
/* End XCRemoteSwiftPackageReference section */

/* Begin XCSwiftPackageProductDependency section */
		9ABFDA342756CF54007BDA03 /* Alamofire */ = {
			isa = XCSwiftPackageProductDependency;
			package = 9ABFDA332756CF54007BDA03 /* XCRemoteSwiftPackageReference "Alamofire" */;
			productName = Alamofire;
		};
/* End XCSwiftPackageProductDependency section */
	};
	rootObject = 9ABFDA042756BD09007BDA03 /* Project object */;
}
